// !$*UTF8*$!
{
	archiveVersion = 1;
	classes = {
	};
	objectVersion = 56;
	objects = {

/* Begin PBXBuildFile section */
		91BC94372B79F4D4005765D6 /* GridAndAsyncImageApp.swift in Sources */ = {isa = PBXBuildFile; fileRef = 91BC94362B79F4D4005765D6 /* GridAndAsyncImageApp.swift */; };
		91BC94392B79F4D4005765D6 /* ContentView.swift in Sources */ = {isa = PBXBuildFile; fileRef = 91BC94382B79F4D4005765D6 /* ContentView.swift */; };
		91BC943B2B79F4D5005765D6 /* Assets.xcassets in Resources */ = {isa = PBXBuildFile; fileRef = 91BC943A2B79F4D5005765D6 /* Assets.xcassets */; };
		91BC943E2B79F4D5005765D6 /* Preview Assets.xcassets in Resources */ = {isa = PBXBuildFile; fileRef = 91BC943D2B79F4D5005765D6 /* Preview Assets.xcassets */; };
		91BC94472B79F511005765D6 /* BasicImplementation.swift in Sources */ = {isa = PBXBuildFile; fileRef = 91BC94462B79F511005765D6 /* BasicImplementation.swift */; };
		91BC94492B79F6EE005765D6 /* PhaseImplementation.swift in Sources */ = {isa = PBXBuildFile; fileRef = 91BC94482B79F6EE005765D6 /* PhaseImplementation.swift */; };
		91BC944C2B79F8D8005765D6 /* GridImage.swift in Sources */ = {isa = PBXBuildFile; fileRef = 91BC944B2B79F8D7005765D6 /* GridImage.swift */; };
		91DC4FEA2B7A5E2C005E69E2 /* ActivityView.swift in Sources */ = {isa = PBXBuildFile; fileRef = 91DC4FE92B7A5E2C005E69E2 /* ActivityView.swift */; };
		91FF79742B7B50C000A982A3 /* PhotosViewModel.swift in Sources */ = {isa = PBXBuildFile; fileRef = 91FF79732B7B50C000A982A3 /* PhotosViewModel.swift */; };
		91FF79762B7B50DE00A982A3 /* Photos.swift in Sources */ = {isa = PBXBuildFile; fileRef = 91FF79752B7B50DE00A982A3 /* Photos.swift */; };
/* End PBXBuildFile section */

/* Begin PBXFileReference section */
		91BC94332B79F4D4005765D6 /* GridAndAsyncImage.app */ = {isa = PBXFileReference; explicitFileType = wrapper.application; includeInIndex = 0; path = GridAndAsyncImage.app; sourceTree = BUILT_PRODUCTS_DIR; };
		91BC94362B79F4D4005765D6 /* GridAndAsyncImageApp.swift */ = {isa = PBXFileReference; lastKnownFileType = sourcecode.swift; path = GridAndAsyncImageApp.swift; sourceTree = "<group>"; };
		91BC94382B79F4D4005765D6 /* ContentView.swift */ = {isa = PBXFileReference; lastKnownFileType = sourcecode.swift; path = ContentView.swift; sourceTree = "<group>"; };
		91BC943A2B79F4D5005765D6 /* Assets.xcassets */ = {isa = PBXFileReference; lastKnownFileType = folder.assetcatalog; path = Assets.xcassets; sourceTree = "<group>"; };
		91BC943D2B79F4D5005765D6 /* Preview Assets.xcassets */ = {isa = PBXFileReference; lastKnownFileType = folder.assetcatalog; path = "Preview Assets.xcassets"; sourceTree = "<group>"; };
		91BC94462B79F511005765D6 /* BasicImplementation.swift */ = {isa = PBXFileReference; lastKnownFileType = sourcecode.swift; path = BasicImplementation.swift; sourceTree = "<group>"; };
		91BC94482B79F6EE005765D6 /* PhaseImplementation.swift */ = {isa = PBXFileReference; lastKnownFileType = sourcecode.swift; path = PhaseImplementation.swift; sourceTree = "<group>"; };
		91BC944B2B79F8D7005765D6 /* GridImage.swift */ = {isa = PBXFileReference; lastKnownFileType = sourcecode.swift; path = GridImage.swift; sourceTree = "<group>"; };
		91DC4FE92B7A5E2C005E69E2 /* ActivityView.swift */ = {isa = PBXFileReference; lastKnownFileType = sourcecode.swift; path = ActivityView.swift; sourceTree = "<group>"; };
		91FF79732B7B50C000A982A3 /* PhotosViewModel.swift */ = {isa = PBXFileReference; lastKnownFileType = sourcecode.swift; path = PhotosViewModel.swift; sourceTree = "<group>"; };
		91FF79752B7B50DE00A982A3 /* Photos.swift */ = {isa = PBXFileReference; lastKnownFileType = sourcecode.swift; path = Photos.swift; sourceTree = "<group>"; };
/* End PBXFileReference section */

/* Begin PBXFrameworksBuildPhase section */
		91BC94302B79F4D4005765D6 /* Frameworks */ = {
			isa = PBXFrameworksBuildPhase;
			buildActionMask = 2147483647;
			files = (
			);
			runOnlyForDeploymentPostprocessing = 0;
		};
/* End PBXFrameworksBuildPhase section */

/* Begin PBXGroup section */
		91BC942A2B79F4D4005765D6 = {
			isa = PBXGroup;
			children = (
				91BC94352B79F4D4005765D6 /* GridAndAsyncImage */,
				91BC94342B79F4D4005765D6 /* Products */,
			);
			sourceTree = "<group>";
		};
		91BC94342B79F4D4005765D6 /* Products */ = {
			isa = PBXGroup;
			children = (
				91BC94332B79F4D4005765D6 /* GridAndAsyncImage.app */,
			);
			name = Products;
			sourceTree = "<group>";
		};
		91BC94352B79F4D4005765D6 /* GridAndAsyncImage */ = {
			isa = PBXGroup;
			children = (
				91BC94442B79F4E8005765D6 /* View */,
				91BC94362B79F4D4005765D6 /* GridAndAsyncImageApp.swift */,
				91BC94382B79F4D4005765D6 /* ContentView.swift */,
				91BC943A2B79F4D5005765D6 /* Assets.xcassets */,
				91BC943C2B79F4D5005765D6 /* Preview Content */,
			);
			path = GridAndAsyncImage;
			sourceTree = "<group>";
		};
		91BC943C2B79F4D5005765D6 /* Preview Content */ = {
			isa = PBXGroup;
			children = (
				91BC943D2B79F4D5005765D6 /* Preview Assets.xcassets */,
			);
			path = "Preview Content";
			sourceTree = "<group>";
		};
		91BC94442B79F4E8005765D6 /* View */ = {
			isa = PBXGroup;
			children = (
				91BC944A2B79F8CA005765D6 /* Grid */,
			);
			path = View;
			sourceTree = "<group>";
		};
		91BC94452B79F4F3005765D6 /* AsyncImage */ = {
			isa = PBXGroup;
			children = (
				91BC94462B79F511005765D6 /* BasicImplementation.swift */,
				91BC94482B79F6EE005765D6 /* PhaseImplementation.swift */,
			);
			path = AsyncImage;
			sourceTree = "<group>";
		};
		91BC944A2B79F8CA005765D6 /* Grid */ = {
			isa = PBXGroup;
			children = (
				91DC4FE62B7A5D80005E69E2 /* View */,
				91DC4FE32B7A5D1E005E69E2 /* Model */,
				91DC4FE22B7A5CD2005E69E2 /* ViewModel */,
				91BC94452B79F4F3005765D6 /* AsyncImage */,
			);
			path = Grid;
			sourceTree = "<group>";
		};
		91DC4FE22B7A5CD2005E69E2 /* ViewModel */ = {
			isa = PBXGroup;
			children = (
				91FF79732B7B50C000A982A3 /* PhotosViewModel.swift */,
			);
			path = ViewModel;
			sourceTree = "<group>";
		};
		91DC4FE32B7A5D1E005E69E2 /* Model */ = {
			isa = PBXGroup;
			children = (
				91FF79752B7B50DE00A982A3 /* Photos.swift */,
			);
			path = Model;
			sourceTree = "<group>";
		};
		91DC4FE62B7A5D80005E69E2 /* View */ = {
			isa = PBXGroup;
			children = (
				91BC944B2B79F8D7005765D6 /* GridImage.swift */,
				91DC4FE92B7A5E2C005E69E2 /* ActivityView.swift */,
			);
			path = View;
			sourceTree = "<group>";
		};
/* End PBXGroup section */

/* Begin PBXNativeTarget section */
		91BC94322B79F4D4005765D6 /* GridAndAsyncImage */ = {
			isa = PBXNativeTarget;
			buildConfigurationList = 91BC94412B79F4D5005765D6 /* Build configuration list for PBXNativeTarget "GridAndAsyncImage" */;
			buildPhases = (
				91BC942F2B79F4D4005765D6 /* Sources */,
				91BC94302B79F4D4005765D6 /* Frameworks */,
				91BC94312B79F4D4005765D6 /* Resources */,
			);
			buildRules = (
			);
			dependencies = (
			);
			name = GridAndAsyncImage;
			productName = GridAndAsyncImage;
			productReference = 91BC94332B79F4D4005765D6 /* GridAndAsyncImage.app */;
			productType = "com.apple.product-type.application";
		};
/* End PBXNativeTarget section */

/* Begin PBXProject section */
		91BC942B2B79F4D4005765D6 /* Project object */ = {
			isa = PBXProject;
			attributes = {
				BuildIndependentTargetsInParallel = 1;
				LastSwiftUpdateCheck = 1520;
				LastUpgradeCheck = 1520;
				TargetAttributes = {
					91BC94322B79F4D4005765D6 = {
						CreatedOnToolsVersion = 15.2;
					};
				};
			};
			buildConfigurationList = 91BC942E2B79F4D4005765D6 /* Build configuration list for PBXProject "GridAndAsyncImage" */;
			compatibilityVersion = "Xcode 14.0";
			developmentRegion = en;
			hasScannedForEncodings = 0;
			knownRegions = (
				en,
				Base,
			);
			mainGroup = 91BC942A2B79F4D4005765D6;
			productRefGroup = 91BC94342B79F4D4005765D6 /* Products */;
			projectDirPath = "";
			projectRoot = "";
			targets = (
				91BC94322B79F4D4005765D6 /* GridAndAsyncImage */,
			);
		};
/* End PBXProject section */

/* Begin PBXResourcesBuildPhase section */
		91BC94312B79F4D4005765D6 /* Resources */ = {
			isa = PBXResourcesBuildPhase;
			buildActionMask = 2147483647;
			files = (
				91BC943E2B79F4D5005765D6 /* Preview Assets.xcassets in Resources */,
				91BC943B2B79F4D5005765D6 /* Assets.xcassets in Resources */,
			);
			runOnlyForDeploymentPostprocessing = 0;
		};
/* End PBXResourcesBuildPhase section */

/* Begin PBXSourcesBuildPhase section */
		91BC942F2B79F4D4005765D6 /* Sources */ = {
			isa = PBXSourcesBuildPhase;
			buildActionMask = 2147483647;
			files = (
				91FF79742B7B50C000A982A3 /* PhotosViewModel.swift in Sources */,
				91BC94392B79F4D4005765D6 /* ContentView.swift in Sources */,
				91BC94472B79F511005765D6 /* BasicImplementation.swift in Sources */,
				91DC4FEA2B7A5E2C005E69E2 /* ActivityView.swift in Sources */,
				91FF79762B7B50DE00A982A3 /* Photos.swift in Sources */,
				91BC944C2B79F8D8005765D6 /* GridImage.swift in Sources */,
				91BC94372B79F4D4005765D6 /* GridAndAsyncImageApp.swift in Sources */,
				91BC94492B79F6EE005765D6 /* PhaseImplementation.swift in Sources */,
			);
			runOnlyForDeploymentPostprocessing = 0;
		};
/* End PBXSourcesBuildPhase section */

/* Begin XCBuildConfiguration section */
		91BC943F2B79F4D5005765D6 /* Debug */ = {
			isa = XCBuildConfiguration;
			buildSettings = {
				ALWAYS_SEARCH_USER_PATHS = NO;
				ASSETCATALOG_COMPILER_GENERATE_SWIFT_ASSET_SYMBOL_EXTENSIONS = YES;
				CLANG_ANALYZER_NONNULL = YES;
				CLANG_ANALYZER_NUMBER_OBJECT_CONVERSION = YES_AGGRESSIVE;
				CLANG_CXX_LANGUAGE_STANDARD = "gnu++20";
				CLANG_ENABLE_MODULES = YES;
				CLANG_ENABLE_OBJC_ARC = YES;
				CLANG_ENABLE_OBJC_WEAK = YES;
				CLANG_WARN_BLOCK_CAPTURE_AUTORELEASING = YES;
				CLANG_WARN_BOOL_CONVERSION = YES;
				CLANG_WARN_COMMA = YES;
				CLANG_WARN_CONSTANT_CONVERSION = YES;
				CLANG_WARN_DEPRECATED_OBJC_IMPLEMENTATIONS = YES;
				CLANG_WARN_DIRECT_OBJC_ISA_USAGE = YES_ERROR;
				CLANG_WARN_DOCUMENTATION_COMMENTS = YES;
				CLANG_WARN_EMPTY_BODY = YES;
				CLANG_WARN_ENUM_CONVERSION = YES;
				CLANG_WARN_INFINITE_RECURSION = YES;
				CLANG_WARN_INT_CONVERSION = YES;
				CLANG_WARN_NON_LITERAL_NULL_CONVERSION = YES;
				CLANG_WARN_OBJC_IMPLICIT_RETAIN_SELF = YES;
				CLANG_WARN_OBJC_LITERAL_CONVERSION = YES;
				CLANG_WARN_OBJC_ROOT_CLASS = YES_ERROR;
				CLANG_WARN_QUOTED_INCLUDE_IN_FRAMEWORK_HEADER = YES;
				CLANG_WARN_RANGE_LOOP_ANALYSIS = YES;
				CLANG_WARN_STRICT_PROTOTYPES = YES;
				CLANG_WARN_SUSPICIOUS_MOVE = YES;
				CLANG_WARN_UNGUARDED_AVAILABILITY = YES_AGGRESSIVE;
				CLANG_WARN_UNREACHABLE_CODE = YES;
				CLANG_WARN__DUPLICATE_METHOD_MATCH = YES;
				COPY_PHASE_STRIP = NO;
				DEBUG_INFORMATION_FORMAT = dwarf;
				ENABLE_STRICT_OBJC_MSGSEND = YES;
				ENABLE_TESTABILITY = YES;
				ENABLE_USER_SCRIPT_SANDBOXING = YES;
				GCC_C_LANGUAGE_STANDARD = gnu17;
				GCC_DYNAMIC_NO_PIC = NO;
				GCC_NO_COMMON_BLOCKS = YES;
				GCC_OPTIMIZATION_LEVEL = 0;
				GCC_PREPROCESSOR_DEFINITIONS = (
					"DEBUG=1",
					"$(inherited)",
				);
				GCC_WARN_64_TO_32_BIT_CONVERSION = YES;
				GCC_WARN_ABOUT_RETURN_TYPE = YES_ERROR;
				GCC_WARN_UNDECLARED_SELECTOR = YES;
				GCC_WARN_UNINITIALIZED_AUTOS = YES_AGGRESSIVE;
				GCC_WARN_UNUSED_FUNCTION = YES;
				GCC_WARN_UNUSED_VARIABLE = YES;
				IPHONEOS_DEPLOYMENT_TARGET = 17.2;
				LOCALIZATION_PREFERS_STRING_CATALOGS = YES;
				MTL_ENABLE_DEBUG_INFO = INCLUDE_SOURCE;
				MTL_FAST_MATH = YES;
				ONLY_ACTIVE_ARCH = YES;
				SDKROOT = iphoneos;
				SWIFT_ACTIVE_COMPILATION_CONDITIONS = "DEBUG $(inherited)";
				SWIFT_OPTIMIZATION_LEVEL = "-Onone";
			};
			name = Debug;
		};
		91BC94402B79F4D5005765D6 /* Release */ = {
			isa = XCBuildConfiguration;
			buildSettings = {
				ALWAYS_SEARCH_USER_PATHS = NO;
				ASSETCATALOG_COMPILER_GENERATE_SWIFT_ASSET_SYMBOL_EXTENSIONS = YES;
				CLANG_ANALYZER_NONNULL = YES;
				CLANG_ANALYZER_NUMBER_OBJECT_CONVERSION = YES_AGGRESSIVE;
				CLANG_CXX_LANGUAGE_STANDARD = "gnu++20";
				CLANG_ENABLE_MODULES = YES;
				CLANG_ENABLE_OBJC_ARC = YES;
				CLANG_ENABLE_OBJC_WEAK = YES;
				CLANG_WARN_BLOCK_CAPTURE_AUTORELEASING = YES;
				CLANG_WARN_BOOL_CONVERSION = YES;
				CLANG_WARN_COMMA = YES;
				CLANG_WARN_CONSTANT_CONVERSION = YES;
				CLANG_WARN_DEPRECATED_OBJC_IMPLEMENTATIONS = YES;
				CLANG_WARN_DIRECT_OBJC_ISA_USAGE = YES_ERROR;
				CLANG_WARN_DOCUMENTATION_COMMENTS = YES;
				CLANG_WARN_EMPTY_BODY = YES;
				CLANG_WARN_ENUM_CONVERSION = YES;
				CLANG_WARN_INFINITE_RECURSION = YES;
				CLANG_WARN_INT_CONVERSION = YES;
				CLANG_WARN_NON_LITERAL_NULL_CONVERSION = YES;
				CLANG_WARN_OBJC_IMPLICIT_RETAIN_SELF = YES;
				CLANG_WARN_OBJC_LITERAL_CONVERSION = YES;
				CLANG_WARN_OBJC_ROOT_CLASS = YES_ERROR;
				CLANG_WARN_QUOTED_INCLUDE_IN_FRAMEWORK_HEADER = YES;
				CLANG_WARN_RANGE_LOOP_ANALYSIS = YES;
				CLANG_WARN_STRICT_PROTOTYPES = YES;
				CLANG_WARN_SUSPICIOUS_MOVE = YES;
				CLANG_WARN_UNGUARDED_AVAILABILITY = YES_AGGRESSIVE;
				CLANG_WARN_UNREACHABLE_CODE = YES;
				CLANG_WARN__DUPLICATE_METHOD_MATCH = YES;
				COPY_PHASE_STRIP = NO;
				DEBUG_INFORMATION_FORMAT = "dwarf-with-dsym";
				ENABLE_NS_ASSERTIONS = NO;
				ENABLE_STRICT_OBJC_MSGSEND = YES;
				ENABLE_USER_SCRIPT_SANDBOXING = YES;
				GCC_C_LANGUAGE_STANDARD = gnu17;
				GCC_NO_COMMON_BLOCKS = YES;
				GCC_WARN_64_TO_32_BIT_CONVERSION = YES;
				GCC_WARN_ABOUT_RETURN_TYPE = YES_ERROR;
				GCC_WARN_UNDECLARED_SELECTOR = YES;
				GCC_WARN_UNINITIALIZED_AUTOS = YES_AGGRESSIVE;
				GCC_WARN_UNUSED_FUNCTION = YES;
				GCC_WARN_UNUSED_VARIABLE = YES;
				IPHONEOS_DEPLOYMENT_TARGET = 17.2;
				LOCALIZATION_PREFERS_STRING_CATALOGS = YES;
				MTL_ENABLE_DEBUG_INFO = NO;
				MTL_FAST_MATH = YES;
				SDKROOT = iphoneos;
				SWIFT_COMPILATION_MODE = wholemodule;
				VALIDATE_PRODUCT = YES;
			};
			name = Release;
		};
		91BC94422B79F4D5005765D6 /* Debug */ = {
			isa = XCBuildConfiguration;
			buildSettings = {
				ASSETCATALOG_COMPILER_APPICON_NAME = AppIcon;
				ASSETCATALOG_COMPILER_GLOBAL_ACCENT_COLOR_NAME = AccentColor;
				CODE_SIGN_STYLE = Automatic;
				CURRENT_PROJECT_VERSION = 1;
				DEVELOPMENT_ASSET_PATHS = "\"GridAndAsyncImage/Preview Content\"";
				DEVELOPMENT_TEAM = ZN33ZJFC65;
				ENABLE_PREVIEWS = YES;
				GENERATE_INFOPLIST_FILE = YES;
				INFOPLIST_KEY_UIApplicationSceneManifest_Generation = YES;
				INFOPLIST_KEY_UIApplicationSupportsIndirectInputEvents = YES;
				INFOPLIST_KEY_UILaunchScreen_Generation = YES;
				INFOPLIST_KEY_UISupportedInterfaceOrientations_iPad = "UIInterfaceOrientationPortrait UIInterfaceOrientationPortraitUpsideDown UIInterfaceOrientationLandscapeLeft UIInterfaceOrientationLandscapeRight";
				INFOPLIST_KEY_UISupportedInterfaceOrientations_iPhone = "UIInterfaceOrientationPortrait UIInterfaceOrientationLandscapeLeft UIInterfaceOrientationLandscapeRight";
				LD_RUNPATH_SEARCH_PATHS = (
					"$(inherited)",
					"@executable_path/Frameworks",
				);
				MARKETING_VERSION = 1.0;
				PRODUCT_BUNDLE_IDENTIFIER = nae.GridAndAsyncImage;
				PRODUCT_NAME = "$(TARGET_NAME)";
				SWIFT_EMIT_LOC_STRINGS = YES;
				SWIFT_VERSION = 5.0;
				TARGETED_DEVICE_FAMILY = "1,2";
			};
			name = Debug;
		};
		91BC94432B79F4D5005765D6 /* Release */ = {
			isa = XCBuildConfiguration;
			buildSettings = {
				ASSETCATALOG_COMPILER_APPICON_NAME = AppIcon;
				ASSETCATALOG_COMPILER_GLOBAL_ACCENT_COLOR_NAME = AccentColor;
				CODE_SIGN_STYLE = Automatic;
				CURRENT_PROJECT_VERSION = 1;
				DEVELOPMENT_ASSET_PATHS = "\"GridAndAsyncImage/Preview Content\"";
				DEVELOPMENT_TEAM = ZN33ZJFC65;
				ENABLE_PREVIEWS = YES;
				GENERATE_INFOPLIST_FILE = YES;
				INFOPLIST_KEY_UIApplicationSceneManifest_Generation = YES;
				INFOPLIST_KEY_UIApplicationSupportsIndirectInputEvents = YES;
				INFOPLIST_KEY_UILaunchScreen_Generation = YES;
				INFOPLIST_KEY_UISupportedInterfaceOrientations_iPad = "UIInterfaceOrientationPortrait UIInterfaceOrientationPortraitUpsideDown UIInterfaceOrientationLandscapeLeft UIInterfaceOrientationLandscapeRight";
				INFOPLIST_KEY_UISupportedInterfaceOrientations_iPhone = "UIInterfaceOrientationPortrait UIInterfaceOrientationLandscapeLeft UIInterfaceOrientationLandscapeRight";
				LD_RUNPATH_SEARCH_PATHS = (
					"$(inherited)",
					"@executable_path/Frameworks",
				);
				MARKETING_VERSION = 1.0;
				PRODUCT_BUNDLE_IDENTIFIER = nae.GridAndAsyncImage;
				PRODUCT_NAME = "$(TARGET_NAME)";
				SWIFT_EMIT_LOC_STRINGS = YES;
				SWIFT_VERSION = 5.0;
				TARGETED_DEVICE_FAMILY = "1,2";
			};
			name = Release;
		};
/* End XCBuildConfiguration section */

/* Begin XCConfigurationList section */
		91BC942E2B79F4D4005765D6 /* Build configuration list for PBXProject "GridAndAsyncImage" */ = {
			isa = XCConfigurationList;
			buildConfigurations = (
				91BC943F2B79F4D5005765D6 /* Debug */,
				91BC94402B79F4D5005765D6 /* Release */,
			);
			defaultConfigurationIsVisible = 0;
			defaultConfigurationName = Release;
		};
		91BC94412B79F4D5005765D6 /* Build configuration list for PBXNativeTarget "GridAndAsyncImage" */ = {
			isa = XCConfigurationList;
			buildConfigurations = (
				91BC94422B79F4D5005765D6 /* Debug */,
				91BC94432B79F4D5005765D6 /* Release */,
			);
			defaultConfigurationIsVisible = 0;
			defaultConfigurationName = Release;
		};
/* End XCConfigurationList section */
	};
	rootObject = 91BC942B2B79F4D4005765D6 /* Project object */;
}
